<?xml version="1.0" encoding="utf-8"?>
<Project ToolsVersion="4.0" xmlns="http://schemas.microsoft.com/developer/msbuild/2003">
  <ItemGroup>
    <Filter Include="Source Files">
      <UniqueIdentifier>{4FC737F1-C7A5-4376-A066-2A32D752A2FF}</UniqueIdentifier>
      <Extensions>cpp;c;cc;cxx;def;odl;idl;hpj;bat;asm;asmx</Extensions>
    </Filter>
    <Filter Include="Header Files">
      <UniqueIdentifier>{93995380-89BD-4b04-88EB-625FBE52EBFB}</UniqueIdentifier>
      <Extensions>h;hh;hpp;hxx;hm;inl;inc;ipp;xsd</Extensions>
    </Filter>
    <Filter Include="Resource Files">
      <UniqueIdentifier>{67DA6AB6-F800-4c08-8B7A-83BB121AAD01}</UniqueIdentifier>
      <Extensions>rc;ico;cur;bmp;dlg;rc2;rct;bin;rgs;gif;jpg;jpeg;jpe;resx;tiff;tif;png;wav;mfcribbon-ms</Extensions>
    </Filter>
  </ItemGroup>
  <ItemGroup>
    <ClInclude Include="Core\Misc\Defines\Common.hpp">
      <Filter>Header Files</Filter>
    </ClInclude>
    <ClInclude Include="Core\Misc\Defines\Platform.hpp">
      <Filter>Header Files</Filter>
    </ClInclude>
    <ClInclude Include="Core\Misc\Defines\PlatformSIMDInclude.hpp">
      <Filter>Header Files</Filter>
    </ClInclude>
    <ClInclude Include="Core\Misc\Maths\Vec1.inl">
      <Filter>Header Files</Filter>
    </ClInclude>
    <ClInclude Include="Core\Misc\Maths\Vec1.hpp">
      <Filter>Header Files</Filter>
    </ClInclude>
    <ClInclude Include="Core\Misc\Maths\Vec.hpp">
      <Filter>Header Files</Filter>
    </ClInclude>
    <ClInclude Include="Core\Misc\Maths\Vec2.hpp">
      <Filter>Header Files</Filter>
    </ClInclude>
    <ClInclude Include="Core\Misc\Maths\Vec3.hpp">
      <Filter>Header Files</Filter>
    </ClInclude>
    <ClInclude Include="Core\Misc\Maths\Vec4.hpp">
      <Filter>Header Files</Filter>
    </ClInclude>
    <ClInclude Include="Core\Misc\Defines\Debug.hpp">
      <Filter>Header Files</Filter>
    </ClInclude>
    <ClInclude Include="Core\Misc\Maths\Vec4f_simd.hpp">
      <Filter>Header Files</Filter>
    </ClInclude>
    <ClInclude Include="Core\Misc\Maths\Vec4i_simd.hpp">
      <Filter>Header Files</Filter>
    </ClInclude>
    <ClInclude Include="Core\Misc\Maths\VecN.hpp">
      <Filter>Header Files</Filter>
    </ClInclude>
    <ClInclude Include="Core\Misc\Maths\Matrix4x4.hpp">
      <Filter>Header Files</Filter>
    </ClInclude>
    <ClInclude Include="Core\Misc\Maths\Matrix.hpp">
      <Filter>Header Files</Filter>
    </ClInclude>
    <ClInclude Include="Core\Window\Window.hpp">
      <Filter>Header Files</Filter>
    </ClInclude>
    <ClInclude Include="Core\Event\Event.hpp">
      <Filter>Header Files</Filter>
    </ClInclude>
    <ClInclude Include="Core\Context\Context.hpp">
      <Filter>Header Files</Filter>
    </ClInclude>
    <ClInclude Include="Core\Context\Extensions.hpp">
      <Filter>Header Files</Filter>
    </ClInclude>
    <ClInclude Include="Core\Misc\Defines\PlatformInclude.hpp">
      <Filter>Header Files</Filter>
    </ClInclude>
    <ClInclude Include="Core\Misc\Maths\Common.hpp">
      <Filter>Header Files</Filter>
    </ClInclude>
    <ClInclude Include="Core\Misc\Maths\Maths.hpp">
      <Filter>Header Files</Filter>
    </ClInclude>
    <ClInclude Include="Core\Misc\Utils\Image.hpp">
      <Filter>Header Files</Filter>
    </ClInclude>
    <ClInclude Include="Core\Misc\Utils\Color.hpp">
      <Filter>Header Files</Filter>
    </ClInclude>
    <ClInclude Include="Core\Misc\Utils\Common.hpp">
      <Filter>Header Files</Filter>
    </ClInclude>
    <ClInclude Include="Core\Misc\Utils\ByteBuffer.hpp">
      <Filter>Header Files</Filter>
    </ClInclude>
    <ClInclude Include="Core\Misc\Defines\DataStructure.hpp">
      <Filter>Header Files</Filter>
    </ClInclude>
    <ClInclude Include="Core\Misc\Utils\Logging.hpp">
      <Filter>Header Files</Filter>
    </ClInclude>
    <ClInclude Include="Core\Context\GLDefines.hpp">
      <Filter>Header Files</Filter>
    </ClInclude>
    <ClInclude Include="Core\Misc\Utils\zlib\crc32.h">
      <Filter>Header Files</Filter>
    </ClInclude>
    <ClInclude Include="Core\Misc\Utils\zlib\deflate.h">
      <Filter>Header Files</Filter>
    </ClInclude>
    <ClInclude Include="Core\Misc\Utils\zlib\inffast.h">
      <Filter>Header Files</Filter>
    </ClInclude>
    <ClInclude Include="Core\Misc\Utils\zlib\inffixed.h">
      <Filter>Header Files</Filter>
    </ClInclude>
    <ClInclude Include="Core\Misc\Utils\zlib\inflate.h">
      <Filter>Header Files</Filter>
    </ClInclude>
    <ClInclude Include="Core\Misc\Utils\zlib\inftrees.h">
      <Filter>Header Files</Filter>
    </ClInclude>
    <ClInclude Include="Core\Misc\Utils\zlib\trees.h">
      <Filter>Header Files</Filter>
    </ClInclude>
    <ClInclude Include="Core\Misc\Utils\zlib\zconf.h">
      <Filter>Header Files</Filter>
    </ClInclude>
    <ClInclude Include="Core\Misc\Utils\zlib\zlib.h">
      <Filter>Header Files</Filter>
    </ClInclude>
    <ClInclude Include="Core\Misc\Utils\zlib\zutil.h">
      <Filter>Header Files</Filter>
    </ClInclude>
    <ClInclude Include="Core\Misc\Utils\libjpeg\cderror.h">
      <Filter>Header Files</Filter>
    </ClInclude>
    <ClInclude Include="Core\Misc\Utils\libjpeg\jconfig.h">
      <Filter>Header Files</Filter>
    </ClInclude>
    <ClInclude Include="Core\Misc\Utils\libjpeg\jdct.h">
      <Filter>Header Files</Filter>
    </ClInclude>
    <ClInclude Include="Core\Misc\Utils\libjpeg\jerror.h">
      <Filter>Header Files</Filter>
    </ClInclude>
    <ClInclude Include="Core\Misc\Utils\libjpeg\jinclude.h">
      <Filter>Header Files</Filter>
    </ClInclude>
    <ClInclude Include="Core\Misc\Utils\libjpeg\jmemsys.h">
      <Filter>Header Files</Filter>
    </ClInclude>
    <ClInclude Include="Core\Misc\Utils\libjpeg\jmorecfg.h">
      <Filter>Header Files</Filter>
    </ClInclude>
    <ClInclude Include="Core\Misc\Utils\libjpeg\jpegint.h">
      <Filter>Header Files</Filter>
    </ClInclude>
    <ClInclude Include="Core\Misc\Utils\libjpeg\jpeglib.h">
      <Filter>Header Files</Filter>
    </ClInclude>
    <ClInclude Include="Core\Misc\Utils\libjpeg\jversion.h">
      <Filter>Header Files</Filter>
    </ClInclude>
    <ClInclude Include="Core\Misc\Utils\libpng\png.h">
      <Filter>Header Files</Filter>
    </ClInclude>
    <ClInclude Include="Core\Misc\Utils\libpng\pngconf.h">
      <Filter>Header Files</Filter>
    </ClInclude>
    <ClInclude Include="Tests\Camera.hpp">
      <Filter>Header Files</Filter>
    </ClInclude>
    <ClInclude Include="RenderAPI\FrameBuffer\FBO.hpp">
      <Filter>Header Files</Filter>
    </ClInclude>
    <ClInclude Include="RenderAPI\General\GLContext.hpp">
      <Filter>Header Files</Filter>
    </ClInclude>
    <ClInclude Include="RenderAPI\GlobalState\GLState.hpp">
      <Filter>Header Files</Filter>
    </ClInclude>
    <ClInclude Include="RenderAPI\RenderBuffer\RBO.hpp">
      <Filter>Header Files</Filter>
    </ClInclude>
    <ClInclude Include="RenderAPI\Shader\Shader.hpp">
      <Filter>Header Files</Filter>
    </ClInclude>
    <ClInclude Include="RenderAPI\Shader\ShaderProgram.hpp">
      <Filter>Header Files</Filter>
    </ClInclude>
    <ClInclude Include="RenderAPI\Texture\Texture.hpp">
      <Filter>Header Files</Filter>
    </ClInclude>
    <ClInclude Include="RenderAPI\VertexArray\VAO.hpp">
      <Filter>Header Files</Filter>
    </ClInclude>
    <ClInclude Include="RenderAPI\VertexArray\VAODef.hpp">
      <Filter>Header Files</Filter>
    </ClInclude>
    <ClInclude Include="RenderAPI\VertexBuffer\VBO.hpp">
      <Filter>Header Files</Filter>
    </ClInclude>
    <ClInclude Include="RenderAPI\Common.hpp">
      <Filter>Header Files</Filter>
    </ClInclude>
    <ClInclude Include="RenderEngine\RawModel\RawModel.hpp">
      <Filter>Header Files</Filter>
    </ClInclude>
    <ClInclude Include="RenderEngine\RawModel\RawModelSettings.hpp">
      <Filter>Header Files</Filter>
    </ClInclude>
    <ClInclude Include="RenderEngine\Materials\Material.hpp">
      <Filter>Header Files</Filter>
    </ClInclude>
    <ClInclude Include="RenderEngine\Loader\MaterialLoader.hpp">
      <Filter>Header Files</Filter>
    </ClInclude>
    <ClInclude Include="RenderEngine\Loader\MeshLoader.hpp">
      <Filter>Header Files</Filter>
    </ClInclude>
    <ClInclude Include="Core\DataStructure\String\String.hpp">
      <Filter>Header Files</Filter>
    </ClInclude>
    <ClInclude Include="Core\Memory\Common.hpp">
      <Filter>Header Files</Filter>
    </ClInclude>
    <ClInclude Include="Core\Memory\Utils\Utils.hpp">
      <Filter>Header Files</Filter>
    </ClInclude>
    <ClInclude Include="Core\Misc\Maths\Utils.hpp">
      <Filter>Header Files</Filter>
    </ClInclude>
    <ClInclude Include="Core\DataStructure\Array\Array.hpp">
      <Filter>Header Files</Filter>
    </ClInclude>
    <ClInclude Include="Core\Memory\Allocators\LinearAlloc\LinearAllocator.hpp">
      <Filter>Header Files</Filter>
    </ClInclude>
    <ClInclude Include="Core\Memory\Allocators\PoolAlloc\PoolAllocator.hpp">
      <Filter>Header Files</Filter>
    </ClInclude>
    <ClInclude Include="Core\Memory\Allocators\PoolAlloc\StackLinkedList.hpp">
      <Filter>Header Files</Filter>
    </ClInclude>
    <ClInclude Include="Core\Memory\Allocators\StackAlloc\AlignedStackAllocator.hpp">
      <Filter>Header Files</Filter>
    </ClInclude>
    <ClInclude Include="Core\Memory\Allocators\StackAlloc\StackAllocator.hpp">
      <Filter>Header Files</Filter>
    </ClInclude>
    <ClInclude Include="Core\Memory\RefCounter\RefCounter.hpp">
      <Filter>Header Files</Filter>
    </ClInclude>
    <ClInclude Include="Core\Memory\SmartPtr\UniquePointer.hpp">
      <Filter>Header Files</Filter>
    </ClInclude>
    <ClInclude Include="Core\Memory\SmartPtr\SharedPointer.hpp">
      <Filter>Header Files</Filter>
    </ClInclude>
    <ClInclude Include="Core\DataStructure\Vector\Vector.hpp">
      <Filter>Header Files</Filter>
    </ClInclude>
    <ClInclude Include="Core\DataStructure\LinkedList\List\List.hpp">
      <Filter>Header Files</Filter>
    </ClInclude>
    <ClInclude Include="Core\Misc\Defines\Types.hpp">
      <Filter>Header Files</Filter>
    </ClInclude>
    <ClInclude Include="Core\Memory\Allocators\PoolAlloc\MultiPoolAllocator.hpp">
      <Filter>Header Files</Filter>
    </ClInclude>
    <ClInclude Include="Core\Memory\Allocators\BaseAlloc\BaseAllocator.hpp">
      <Filter>Header Files</Filter>
    </ClInclude>
    <ClInclude Include="Core\DataStructure\Tuple\Tuple.hpp">
      <Filter>Header Files</Filter>
    </ClInclude>
    <ClInclude Include="Core\DataStructure\Tuple\Pair.hpp">
      <Filter>Header Files</Filter>
    </ClInclude>
  </ItemGroup>
  <ItemGroup>
    <ClCompile Include="Tests\Main.cpp">
      <Filter>Source Files</Filter>
    </ClCompile>
    <ClCompile Include="Core\Window\Window.cpp">
      <Filter>Source Files</Filter>
    </ClCompile>
    <ClCompile Include="Core\Window\Window_Win32.cpp">
      <Filter>Source Files</Filter>
    </ClCompile>
    <ClCompile Include="Core\Context\Context.cpp">
      <Filter>Source Files</Filter>
    </ClCompile>
    <ClCompile Include="Core\Context\Extensions.cpp">
      <Filter>Source Files</Filter>
    </ClCompile>
    <ClCompile Include="Core\Context\Context_Win32.cpp">
      <Filter>Source Files</Filter>
    </ClCompile>
    <ClCompile Include="Core\Window\Window_X11.cpp">
      <Filter>Source Files</Filter>
    </ClCompile>
    <ClCompile Include="Core\Context\Context_X11.cpp">
      <Filter>Source Files</Filter>
    </ClCompile>
    <ClCompile Include="Core\Misc\Utils\Image.cpp">
      <Filter>Source Files</Filter>
    </ClCompile>
    <ClCompile Include="Core\Misc\Utils\zlib\adler32.c">
      <Filter>Source Files</Filter>
    </ClCompile>
    <ClCompile Include="Core\Misc\Utils\zlib\compress.c">
      <Filter>Source Files</Filter>
    </ClCompile>
    <ClCompile Include="Core\Misc\Utils\zlib\crc32.c">
      <Filter>Source Files</Filter>
    </ClCompile>
    <ClCompile Include="Core\Misc\Utils\zlib\deflate.c">
      <Filter>Source Files</Filter>
    </ClCompile>
    <ClCompile Include="Core\Misc\Utils\zlib\inffast.c">
      <Filter>Source Files</Filter>
    </ClCompile>
    <ClCompile Include="Core\Misc\Utils\zlib\inflate.c">
      <Filter>Source Files</Filter>
    </ClCompile>
    <ClCompile Include="Core\Misc\Utils\zlib\inftrees.c">
      <Filter>Source Files</Filter>
    </ClCompile>
    <ClCompile Include="Core\Misc\Utils\zlib\trees.c">
      <Filter>Source Files</Filter>
    </ClCompile>
    <ClCompile Include="Core\Misc\Utils\zlib\uncompr.c">
      <Filter>Source Files</Filter>
    </ClCompile>
    <ClCompile Include="Core\Misc\Utils\zlib\zutil.c">
      <Filter>Source Files</Filter>
    </ClCompile>
    <ClCompile Include="Core\Misc\Utils\libjpeg\jaricom.c">
      <Filter>Source Files</Filter>
    </ClCompile>
    <ClCompile Include="Core\Misc\Utils\libjpeg\jcapimin.c">
      <Filter>Source Files</Filter>
    </ClCompile>
    <ClCompile Include="Core\Misc\Utils\libjpeg\jcapistd.c">
      <Filter>Source Files</Filter>
    </ClCompile>
    <ClCompile Include="Core\Misc\Utils\libjpeg\jcarith.c">
      <Filter>Source Files</Filter>
    </ClCompile>
    <ClCompile Include="Core\Misc\Utils\libjpeg\jccoefct.c">
      <Filter>Source Files</Filter>
    </ClCompile>
    <ClCompile Include="Core\Misc\Utils\libjpeg\jccolor.c">
      <Filter>Source Files</Filter>
    </ClCompile>
    <ClCompile Include="Core\Misc\Utils\libjpeg\jcdctmgr.c">
      <Filter>Source Files</Filter>
    </ClCompile>
    <ClCompile Include="Core\Misc\Utils\libjpeg\jchuff.c">
      <Filter>Source Files</Filter>
    </ClCompile>
    <ClCompile Include="Core\Misc\Utils\libjpeg\jcinit.c">
      <Filter>Source Files</Filter>
    </ClCompile>
    <ClCompile Include="Core\Misc\Utils\libjpeg\jcmainct.c">
      <Filter>Source Files</Filter>
    </ClCompile>
    <ClCompile Include="Core\Misc\Utils\libjpeg\jcmarker.c">
      <Filter>Source Files</Filter>
    </ClCompile>
    <ClCompile Include="Core\Misc\Utils\libjpeg\jcmaster.c">
      <Filter>Source Files</Filter>
    </ClCompile>
    <ClCompile Include="Core\Misc\Utils\libjpeg\jcomapi.c">
      <Filter>Source Files</Filter>
    </ClCompile>
    <ClCompile Include="Core\Misc\Utils\libjpeg\jcparam.c">
      <Filter>Source Files</Filter>
    </ClCompile>
    <ClCompile Include="Core\Misc\Utils\libjpeg\jcprepct.c">
      <Filter>Source Files</Filter>
    </ClCompile>
    <ClCompile Include="Core\Misc\Utils\libjpeg\jcsample.c">
      <Filter>Source Files</Filter>
    </ClCompile>
    <ClCompile Include="Core\Misc\Utils\libjpeg\jctrans.c">
      <Filter>Source Files</Filter>
    </ClCompile>
    <ClCompile Include="Core\Misc\Utils\libjpeg\jdapimin.c">
      <Filter>Source Files</Filter>
    </ClCompile>
    <ClCompile Include="Core\Misc\Utils\libjpeg\jdapistd.c">
      <Filter>Source Files</Filter>
    </ClCompile>
    <ClCompile Include="Core\Misc\Utils\libjpeg\jdarith.c">
      <Filter>Source Files</Filter>
    </ClCompile>
    <ClCompile Include="Core\Misc\Utils\libjpeg\jdatadst.c">
      <Filter>Source Files</Filter>
    </ClCompile>
    <ClCompile Include="Core\Misc\Utils\libjpeg\jdatasrc.c">
      <Filter>Source Files</Filter>
    </ClCompile>
    <ClCompile Include="Core\Misc\Utils\libjpeg\jdcoefct.c">
      <Filter>Source Files</Filter>
    </ClCompile>
    <ClCompile Include="Core\Misc\Utils\libjpeg\jdcolor.c">
      <Filter>Source Files</Filter>
    </ClCompile>
    <ClCompile Include="Core\Misc\Utils\libjpeg\jddctmgr.c">
      <Filter>Source Files</Filter>
    </ClCompile>
    <ClCompile Include="Core\Misc\Utils\libjpeg\jdhuff.c">
      <Filter>Source Files</Filter>
    </ClCompile>
    <ClCompile Include="Core\Misc\Utils\libjpeg\jdinput.c">
      <Filter>Source Files</Filter>
    </ClCompile>
    <ClCompile Include="Core\Misc\Utils\libjpeg\jdmainct.c">
      <Filter>Source Files</Filter>
    </ClCompile>
    <ClCompile Include="Core\Misc\Utils\libjpeg\jdmarker.c">
      <Filter>Source Files</Filter>
    </ClCompile>
    <ClCompile Include="Core\Misc\Utils\libjpeg\jdmaster.c">
      <Filter>Source Files</Filter>
    </ClCompile>
    <ClCompile Include="Core\Misc\Utils\libjpeg\jdmerge.c">
      <Filter>Source Files</Filter>
    </ClCompile>
    <ClCompile Include="Core\Misc\Utils\libjpeg\jdpostct.c">
      <Filter>Source Files</Filter>
    </ClCompile>
    <ClCompile Include="Core\Misc\Utils\libjpeg\jdsample.c">
      <Filter>Source Files</Filter>
    </ClCompile>
    <ClCompile Include="Core\Misc\Utils\libjpeg\jdtrans.c">
      <Filter>Source Files</Filter>
    </ClCompile>
    <ClCompile Include="Core\Misc\Utils\libjpeg\jerror.c">
      <Filter>Source Files</Filter>
    </ClCompile>
    <ClCompile Include="Core\Misc\Utils\libjpeg\jfdctflt.c">
      <Filter>Source Files</Filter>
    </ClCompile>
    <ClCompile Include="Core\Misc\Utils\libjpeg\jfdctfst.c">
      <Filter>Source Files</Filter>
    </ClCompile>
    <ClCompile Include="Core\Misc\Utils\libjpeg\jfdctint.c">
      <Filter>Source Files</Filter>
    </ClCompile>
    <ClCompile Include="Core\Misc\Utils\libjpeg\jidctflt.c">
      <Filter>Source Files</Filter>
    </ClCompile>
    <ClCompile Include="Core\Misc\Utils\libjpeg\jidctfst.c">
      <Filter>Source Files</Filter>
    </ClCompile>
    <ClCompile Include="Core\Misc\Utils\libjpeg\jidctint.c">
      <Filter>Source Files</Filter>
    </ClCompile>
    <ClCompile Include="Core\Misc\Utils\libjpeg\jmemmgr.c">
      <Filter>Source Files</Filter>
    </ClCompile>
    <ClCompile Include="Core\Misc\Utils\libjpeg\jmemnobs.c">
      <Filter>Source Files</Filter>
    </ClCompile>
    <ClCompile Include="Core\Misc\Utils\libjpeg\jquant1.c">
      <Filter>Source Files</Filter>
    </ClCompile>
    <ClCompile Include="Core\Misc\Utils\libjpeg\jquant2.c">
      <Filter>Source Files</Filter>
    </ClCompile>
    <ClCompile Include="Core\Misc\Utils\libjpeg\jutils.c">
      <Filter>Source Files</Filter>
    </ClCompile>
    <ClCompile Include="Core\Misc\Utils\libpng\png.c">
      <Filter>Source Files</Filter>
    </ClCompile>
    <ClCompile Include="Core\Misc\Utils\libpng\pngerror.c">
      <Filter>Source Files</Filter>
    </ClCompile>
    <ClCompile Include="Core\Misc\Utils\libpng\pnggccrd.c">
      <Filter>Source Files</Filter>
    </ClCompile>
    <ClCompile Include="Core\Misc\Utils\libpng\pngget.c">
      <Filter>Source Files</Filter>
    </ClCompile>
    <ClCompile Include="Core\Misc\Utils\libpng\pngmem.c">
      <Filter>Source Files</Filter>
    </ClCompile>
    <ClCompile Include="Core\Misc\Utils\libpng\pngpread.c">
      <Filter>Source Files</Filter>
    </ClCompile>
    <ClCompile Include="Core\Misc\Utils\libpng\pngread.c">
      <Filter>Source Files</Filter>
    </ClCompile>
    <ClCompile Include="Core\Misc\Utils\libpng\pngrio.c">
      <Filter>Source Files</Filter>
    </ClCompile>
    <ClCompile Include="Core\Misc\Utils\libpng\pngrtran.c">
      <Filter>Source Files</Filter>
    </ClCompile>
    <ClCompile Include="Core\Misc\Utils\libpng\pngrutil.c">
      <Filter>Source Files</Filter>
    </ClCompile>
    <ClCompile Include="Core\Misc\Utils\libpng\pngset.c">
      <Filter>Source Files</Filter>
    </ClCompile>
    <ClCompile Include="Core\Misc\Utils\libpng\pngtrans.c">
      <Filter>Source Files</Filter>
    </ClCompile>
    <ClCompile Include="Core\Misc\Utils\libpng\pngvcrd.c">
      <Filter>Source Files</Filter>
    </ClCompile>
    <ClCompile Include="Core\Misc\Utils\libpng\pngwio.c">
      <Filter>Source Files</Filter>
    </ClCompile>
    <ClCompile Include="Core\Misc\Utils\libpng\pngwrite.c">
      <Filter>Source Files</Filter>
    </ClCompile>
    <ClCompile Include="Core\Misc\Utils\libpng\pngwtran.c">
      <Filter>Source Files</Filter>
    </ClCompile>
    <ClCompile Include="Core\Misc\Utils\libpng\pngwutil.c">
      <Filter>Source Files</Filter>
    </ClCompile>
    <ClCompile Include="RenderAPI\FrameBuffer\FBO.cpp">
      <Filter>Source Files</Filter>
    </ClCompile>
    <ClCompile Include="RenderAPI\GlobalState\GLState.cpp">
      <Filter>Source Files</Filter>
    </ClCompile>
    <ClCompile Include="RenderAPI\RenderBuffer\RBO.cpp">
      <Filter>Source Files</Filter>
    </ClCompile>
    <ClCompile Include="RenderAPI\Shader\Shader.cpp">
      <Filter>Source Files</Filter>
    </ClCompile>
    <ClCompile Include="RenderAPI\Shader\ShaderProgram.cpp">
      <Filter>Source Files</Filter>
    </ClCompile>
    <ClCompile Include="RenderAPI\Texture\Texture.cpp">
      <Filter>Source Files</Filter>
    </ClCompile>
    <ClCompile Include="RenderAPI\VertexArray\VAO.cpp">
      <Filter>Source Files</Filter>
    </ClCompile>
    <ClCompile Include="RenderAPI\VertexBuffer\VBO.cpp">
      <Filter>Source Files</Filter>
    </ClCompile>
    <ClCompile Include="Tests\Main2.cpp">
      <Filter>Source Files</Filter>
    </ClCompile>
    <ClCompile Include="RenderEngine\RawModel\RawModel.cpp">
      <Filter>Source Files</Filter>
    </ClCompile>
    <ClCompile Include="Core\Misc\Utils\Misc.cpp">
      <Filter>Source Files</Filter>
    </ClCompile>
    <ClCompile Include="Core\Misc\Utils\Common.cpp">
      <Filter>Source Files</Filter>
    </ClCompile>
    <ClCompile Include="RenderEngine\Materials\Material.cpp">
      <Filter>Source Files</Filter>
    </ClCompile>
    <ClCompile Include="RenderEngine\Loader\MaterialLoader.cpp">
      <Filter>Source Files</Filter>
    </ClCompile>
    <ClCompile Include="RenderEngine\Loader\MeshLoader.cpp">
      <Filter>Source Files</Filter>
    </ClCompile>
    <ClCompile Include="Tests\TestingString.cpp">
      <Filter>Source Files</Filter>
    </ClCompile>
    <ClCompile Include="Core\DataStructure\String\String.cpp">
      <Filter>Source Files</Filter>
    </ClCompile>
    <ClCompile Include="Core\Memory\Allocators\LinearAlloc\LinearAllocator.cpp">
      <Filter>Source Files</Filter>
    </ClCompile>
    <ClCompile Include="Core\Memory\Allocators\PoolAlloc\PoolAllocator.cpp">
      <Filter>Source Files</Filter>
    </ClCompile>
    <ClCompile Include="Core\Memory\Allocators\StackAlloc\AlignedStackAllocator.cpp">
      <Filter>Source Files</Filter>
    </ClCompile>
    <ClCompile Include="Core\Memory\Allocators\StackAlloc\StackAllocator.cpp">
      <Filter>Source Files</Filter>
    </ClCompile>
  </ItemGroup>
  <ItemGroup>
    <None Include="Core\Misc\Maths\Vec2.inl">
      <Filter>Header Files</Filter>
    </None>
    <None Include="Core\Misc\Maths\Vec3.inl">
      <Filter>Header Files</Filter>
    </None>
    <None Include="Core\Misc\Maths\Vec4.inl">
      <Filter>Header Files</Filter>
    </None>
    <None Include="Core\Misc\Maths\Vec4f_simd.inl">
      <Filter>Header Files</Filter>
    </None>
    <None Include="Core\Misc\Maths\Vec4i_simd.inl">
      <Filter>Header Files</Filter>
    </None>
    <None Include="Shader\cam.fs" />
    <None Include="Shader\cam.vs" />
    <None Include="Shader\screen.fs" />
    <None Include="Shader\screen.vs" />
    <None Include="Core\DataStructure\Vector\Vector.inl" />
    <None Include="Core\DataStructure\LinkedList\List\List.inl">
      <Filter>Header Files</Filter>
    </None>
  </ItemGroup>
</Project>